// !$*UTF8*$!
{
	archiveVersion = 1;
	classes = {
	};
	objectVersion = 46;
	objects = {

/* Begin PBXBuildFile section */
		3E618A511BA7F1A400489FED /* main.m in Sources */ = {isa = PBXBuildFile; fileRef = 3E618A501BA7F1A400489FED /* main.m */; };
		3E618A541BA7F1A400489FED /* AppDelegate.m in Sources */ = {isa = PBXBuildFile; fileRef = 3E618A531BA7F1A400489FED /* AppDelegate.m */; };
		3E618A5C1BA7F1A400489FED /* Images.xcassets in Resources */ = {isa = PBXBuildFile; fileRef = 3E618A5B1BA7F1A400489FED /* Images.xcassets */; };
		3E618A5F1BA7F1A400489FED /* LaunchScreen.xib in Resources */ = {isa = PBXBuildFile; fileRef = 3E618A5D1BA7F1A400489FED /* LaunchScreen.xib */; };
		3E618A6B1BA7F1A400489FED /* notdefteriTests.m in Sources */ = {isa = PBXBuildFile; fileRef = 3E618A6A1BA7F1A400489FED /* notdefteriTests.m */; };
		3E618A791BA7FBE500489FED /* NotDefteriTableVC.m in Sources */ = {isa = PBXBuildFile; fileRef = 3E618A781BA7FBE500489FED /* NotDefteriTableVC.m */; };
		3E618A7C1BA7FC4200489FED /* NotEkleViewC.m in Sources */ = {isa = PBXBuildFile; fileRef = 3E618A7B1BA7FC4200489FED /* NotEkleViewC.m */; };
		3E618A821BA7FFA500489FED /* Not.m in Sources */ = {isa = PBXBuildFile; fileRef = 3E618A811BA7FFA500489FED /* Not.m */; };
		3E618A851BA845D000489FED /* Main.storyboard in Resources */ = {isa = PBXBuildFile; fileRef = 3E618A831BA845D000489FED /* Main.storyboard */; };
/* End PBXBuildFile section */

/* Begin PBXContainerItemProxy section */
		3E618A651BA7F1A400489FED /* PBXContainerItemProxy */ = {
			isa = PBXContainerItemProxy;
			containerPortal = 3E618A431BA7F1A400489FED /* Project object */;
			proxyType = 1;
			remoteGlobalIDString = 3E618A4A1BA7F1A400489FED;
			remoteInfo = notdefteri;
		};
/* End PBXContainerItemProxy section */

/* Begin PBXFileReference section */
		3E618A4B1BA7F1A400489FED /* notdefteri.app */ = {isa = PBXFileReference; explicitFileType = wrapper.application; includeInIndex = 0; path = notdefteri.app; sourceTree = BUILT_PRODUCTS_DIR; };
		3E618A4F1BA7F1A400489FED /* Info.plist */ = {isa = PBXFileReference; lastKnownFileType = text.plist.xml; path = Info.plist; sourceTree = "<group>"; };
		3E618A501BA7F1A400489FED /* main.m */ = {isa = PBXFileReference; lastKnownFileType = sourcecode.c.objc; path = main.m; sourceTree = "<group>"; };
		3E618A521BA7F1A400489FED /* AppDelegate.h */ = {isa = PBXFileReference; lastKnownFileType = sourcecode.c.h; path = AppDelegate.h; sourceTree = "<group>"; };
		3E618A531BA7F1A400489FED /* AppDelegate.m */ = {isa = PBXFileReference; lastKnownFileType = sourcecode.c.objc; path = AppDelegate.m; sourceTree = "<group>"; };
		3E618A5B1BA7F1A400489FED /* Images.xcassets */ = {isa = PBXFileReference; lastKnownFileType = folder.assetcatalog; path = Images.xcassets; sourceTree = "<group>"; };
		3E618A5E1BA7F1A400489FED /* Base */ = {isa = PBXFileReference; lastKnownFileType = file.xib; name = Base; path = Base.lproj/LaunchScreen.xib; sourceTree = "<group>"; };
		3E618A641BA7F1A400489FED /* notdefteriTests.xctest */ = {isa = PBXFileReference; explicitFileType = wrapper.cfbundle; includeInIndex = 0; path = notdefteriTests.xctest; sourceTree = BUILT_PRODUCTS_DIR; };
		3E618A691BA7F1A400489FED /* Info.plist */ = {isa = PBXFileReference; lastKnownFileType = text.plist.xml; path = Info.plist; sourceTree = "<group>"; };
		3E618A6A1BA7F1A400489FED /* notdefteriTests.m */ = {isa = PBXFileReference; lastKnownFileType = sourcecode.c.objc; path = notdefteriTests.m; sourceTree = "<group>"; };
		3E618A771BA7FBE500489FED /* NotDefteriTableVC.h */ = {isa = PBXFileReference; fileEncoding = 4; lastKnownFileType = sourcecode.c.h; path = NotDefteriTableVC.h; sourceTree = "<group>"; };
		3E618A781BA7FBE500489FED /* NotDefteriTableVC.m */ = {isa = PBXFileReference; fileEncoding = 4; lastKnownFileType = sourcecode.c.objc; path = NotDefteriTableVC.m; sourceTree = "<group>"; };
		3E618A7A1BA7FC4200489FED /* NotEkleViewC.h */ = {isa = PBXFileReference; fileEncoding = 4; lastKnownFileType = sourcecode.c.h; path = NotEkleViewC.h; sourceTree = "<group>"; };
		3E618A7B1BA7FC4200489FED /* NotEkleViewC.m */ = {isa = PBXFileReference; fileEncoding = 4; lastKnownFileType = sourcecode.c.objc; path = NotEkleViewC.m; sourceTree = "<group>"; };
		3E618A801BA7FFA500489FED /* Not.h */ = {isa = PBXFileReference; fileEncoding = 4; lastKnownFileType = sourcecode.c.h; path = Not.h; sourceTree = "<group>"; };
		3E618A811BA7FFA500489FED /* Not.m */ = {isa = PBXFileReference; fileEncoding = 4; lastKnownFileType = sourcecode.c.objc; path = Not.m; sourceTree = "<group>"; };
		3E618A841BA845D000489FED /* Base */ = {isa = PBXFileReference; lastKnownFileType = file.storyboard; name = Base; path = Base.lproj/Main.storyboard; sourceTree = "<group>"; };
/* End PBXFileReference section */

/* Begin PBXFrameworksBuildPhase section */
		3E618A481BA7F1A400489FED /* Frameworks */ = {
			isa = PBXFrameworksBuildPhase;
			buildActionMask = 2147483647;
			files = (
			);
			runOnlyForDeploymentPostprocessing = 0;
		};
		3E618A611BA7F1A400489FED /* Frameworks */ = {
			isa = PBXFrameworksBuildPhase;
			buildActionMask = 2147483647;
			files = (
			);
			runOnlyForDeploymentPostprocessing = 0;
		};
/* End PBXFrameworksBuildPhase section */

/* Begin PBXGroup section */
		3E618A421BA7F1A400489FED = {
			isa = PBXGroup;
			children = (
				3E618A4D1BA7F1A400489FED /* notdefteri */,
				3E618A671BA7F1A400489FED /* notdefteriTests */,
				3E618A4C1BA7F1A400489FED /* Products */,
			);
			sourceTree = "<group>";
		};
		3E618A4C1BA7F1A400489FED /* Products */ = {
			isa = PBXGroup;
			children = (
				3E618A4B1BA7F1A400489FED /* notdefteri.app */,
				3E618A641BA7F1A400489FED /* notdefteriTests.xctest */,
			);
			name = Products;
			sourceTree = "<group>";
		};
		3E618A4D1BA7F1A400489FED /* notdefteri */ = {
			isa = PBXGroup;
			children = (
				3E618A801BA7FFA500489FED /* Not.h */,
				3E618A811BA7FFA500489FED /* Not.m */,
				3E618A7A1BA7FC4200489FED /* NotEkleViewC.h */,
				3E618A7B1BA7FC4200489FED /* NotEkleViewC.m */,
				3E618A771BA7FBE500489FED /* NotDefteriTableVC.h */,
				3E618A781BA7FBE500489FED /* NotDefteriTableVC.m */,
				3E618A831BA845D000489FED /* Main.storyboard */,
				3E618A521BA7F1A400489FED /* AppDelegate.h */,
				3E618A531BA7F1A400489FED /* AppDelegate.m */,
				3E618A5B1BA7F1A400489FED /* Images.xcassets */,
				3E618A5D1BA7F1A400489FED /* LaunchScreen.xib */,
				3E618A4E1BA7F1A400489FED /* Supporting Files */,
			);
			path = notdefteri;
			sourceTree = "<group>";
		};
		3E618A4E1BA7F1A400489FED /* Supporting Files */ = {
			isa = PBXGroup;
			children = (
				3E618A4F1BA7F1A400489FED /* Info.plist */,
				3E618A501BA7F1A400489FED /* main.m */,
			);
			name = "Supporting Files";
			sourceTree = "<group>";
		};
		3E618A671BA7F1A400489FED /* notdefteriTests */ = {
			isa = PBXGroup;
			children = (
				3E618A6A1BA7F1A400489FED /* notdefteriTests.m */,
				3E618A681BA7F1A400489FED /* Supporting Files */,
			);
			path = notdefteriTests;
			sourceTree = "<group>";
		};
		3E618A681BA7F1A400489FED /* Supporting Files */ = {
			isa = PBXGroup;
			children = (
				3E618A691BA7F1A400489FED /* Info.plist */,
			);
			name = "Supporting Files";
			sourceTree = "<group>";
		};
/* End PBXGroup section */

/* Begin PBXNativeTarget section */
		3E618A4A1BA7F1A400489FED /* notdefteri */ = {
			isa = PBXNativeTarget;
			buildConfigurationList = 3E618A6E1BA7F1A400489FED /* Build configuration list for PBXNativeTarget "notdefteri" */;
			buildPhases = (
				3E618A471BA7F1A400489FED /* Sources */,
				3E618A481BA7F1A400489FED /* Frameworks */,
				3E618A491BA7F1A400489FED /* Resources */,
			);
			buildRules = (
			);
			dependencies = (
			);
			name = notdefteri;
			productName = notdefteri;
			productReference = 3E618A4B1BA7F1A400489FED /* notdefteri.app */;
			productType = "com.apple.product-type.application";
		};
		3E618A631BA7F1A400489FED /* notdefteriTests */ = {
			isa = PBXNativeTarget;
			buildConfigurationList = 3E618A711BA7F1A400489FED /* Build configuration list for PBXNativeTarget "notdefteriTests" */;
			buildPhases = (
				3E618A601BA7F1A400489FED /* Sources */,
				3E618A611BA7F1A400489FED /* Frameworks */,
				3E618A621BA7F1A400489FED /* Resources */,
			);
			buildRules = (
			);
			dependencies = (
				3E618A661BA7F1A400489FED /* PBXTargetDependency */,
			);
			name = notdefteriTests;
			productName = notdefteriTests;
			productReference = 3E618A641BA7F1A400489FED /* notdefteriTests.xctest */;
			productType = "com.apple.product-type.bundle.unit-test";
		};
/* End PBXNativeTarget section */

/* Begin PBXProject section */
		3E618A431BA7F1A400489FED /* Project object */ = {
			isa = PBXProject;
			attributes = {
				LastUpgradeCheck = 0640;
				ORGANIZATIONNAME = 2015;
				TargetAttributes = {
					3E618A4A1BA7F1A400489FED = {
						CreatedOnToolsVersion = 6.4;
					};
					3E618A631BA7F1A400489FED = {
						CreatedOnToolsVersion = 6.4;
						TestTargetID = 3E618A4A1BA7F1A400489FED;
					};
				};
			};
			buildConfigurationList = 3E618A461BA7F1A400489FED /* Build configuration list for PBXProject "notdefteri" */;
			compatibilityVersion = "Xcode 3.2";
			developmentRegion = English;
			hasScannedForEncodings = 0;
			knownRegions = (
				en,
				Base,
			);
			mainGroup = 3E618A421BA7F1A400489FED;
			productRefGroup = 3E618A4C1BA7F1A400489FED /* Products */;
			projectDirPath = "";
			projectRoot = "";
			targets = (
				3E618A4A1BA7F1A400489FED /* notdefteri */,
				3E618A631BA7F1A400489FED /* notdefteriTests */,
			);
		};
/* End PBXProject section */

/* Begin PBXResourcesBuildPhase section */
		3E618A491BA7F1A400489FED /* Resources */ = {
			isa = PBXResourcesBuildPhase;
			buildActionMask = 2147483647;
			files = (
				3E618A851BA845D000489FED /* Main.storyboard in Resources */,
				3E618A5F1BA7F1A400489FED /* LaunchScreen.xib in Resources */,
				3E618A5C1BA7F1A400489FED /* Images.xcassets in Resources */,
			);
			runOnlyForDeploymentPostprocessing = 0;
		};
		3E618A621BA7F1A400489FED /* Resources */ = {
			isa = PBXResourcesBuildPhase;
			buildActionMask = 2147483647;
			files = (
			);
			runOnlyForDeploymentPostprocessing = 0;
		};
/* End PBXResourcesBuildPhase section */

/* Begin PBXSourcesBuildPhase section */
		3E618A471BA7F1A400489FED /* Sources */ = {
			isa = PBXSourcesBuildPhase;
			buildActionMask = 2147483647;
			files = (
				3E618A541BA7F1A400489FED /* AppDelegate.m in Sources */,
				3E618A7C1BA7FC4200489FED /* NotEkleViewC.m in Sources */,
				3E618A791BA7FBE500489FED /* NotDefteriTableVC.m in Sources */,
				3E618A821BA7FFA500489FED /* Not.m in Sources */,
				3E618A511BA7F1A400489FED /* main.m in Sources */,
			);
			runOnlyForDeploymentPostprocessing = 0;
		};
		3E618A601BA7F1A400489FED /* Sources */ = {
			isa = PBXSourcesBuildPhase;
			buildActionMask = 2147483647;
			files = (
				3E618A6B1BA7F1A400489FED /* notdefteriTests.m in Sources */,
			);
			runOnlyForDeploymentPostprocessing = 0;
		};
/* End PBXSourcesBuildPhase section */

/* Begin PBXTargetDependency section */
		3E618A661BA7F1A400489FED /* PBXTargetDependency */ = {
			isa = PBXTargetDependency;
			target = 3E618A4A1BA7F1A400489FED /* notdefteri */;
			targetProxy = 3E618A651BA7F1A400489FED /* PBXContainerItemProxy */;
		};
/* End PBXTargetDependency section */

/* Begin PBXVariantGroup section */
		3E618A5D1BA7F1A400489FED /* LaunchScreen.xib */ = {
			isa = PBXVariantGroup;
			children = (
				3E618A5E1BA7F1A400489FED /* Base */,
			);
			name = LaunchScreen.xib;
			sourceTree = "<group>";
		};
		3E618A831BA845D000489FED /* Main.storyboard */ = {
			isa = PBXVariantGroup;
			children = (
				3E618A841BA845D000489FED /* Base */,
			);
			name = Main.storyboard;
			sourceTree = "<group>";
		};
/* End PBXVariantGroup section */

/* Begin XCBuildConfiguration section */
		3E618A6C1BA7F1A400489FED /* Debug */ = {
			isa = XCBuildConfiguration;
			buildSettings = {
				ALWAYS_SEARCH_USER_PATHS = NO;
				CLANG_CXX_LANGUAGE_STANDARD = "gnu++0x";
				CLANG_CXX_LIBRARY = "libc++";
				CLANG_ENABLE_MODULES = YES;
				CLANG_ENABLE_OBJC_ARC = YES;
				CLANG_WARN_BOOL_CONVERSION = YES;
				CLANG_WARN_CONSTANT_CONVERSION = YES;
				CLANG_WARN_DIRECT_OBJC_ISA_USAGE = YES_ERROR;
				CLANG_WARN_EMPTY_BODY = YES;
				CLANG_WARN_ENUM_CONVERSION = YES;
				CLANG_WARN_INT_CONVERSION = YES;
				CLANG_WARN_OBJC_ROOT_CLASS = YES_ERROR;
				CLANG_WARN_UNREACHABLE_CODE = YES;
				CLANG_WARN__DUPLICATE_METHOD_MATCH = YES;
				"CODE_SIGN_IDENTITY[sdk=iphoneos*]" = "iPhone Developer";
				COPY_PHASE_STRIP = NO;
				DEBUG_INFORMATION_FORMAT = "dwarf-with-dsym";
				ENABLE_STRICT_OBJC_MSGSEND = YES;
				GCC_C_LANGUAGE_STANDARD = gnu99;
				GCC_DYNAMIC_NO_PIC = NO;
				GCC_NO_COMMON_BLOCKS = YES;
				GCC_OPTIMIZATION_LEVEL = 0;
				GCC_PREPROCESSOR_DEFINITIONS = (
					"DEBUG=1",
					"$(inherited)",
				);
				GCC_SYMBOLS_PRIVATE_EXTERN = NO;
				GCC_WARN_64_TO_32_BIT_CONVERSION = YES;
				GCC_WARN_ABOUT_RETURN_TYPE = YES_ERROR;
				GCC_WARN_UNDECLARED_SELECTOR = YES;
				GCC_WARN_UNINITIALIZED_AUTOS = YES_AGGRESSIVE;
				GCC_WARN_UNUSED_FUNCTION = YES;
				GCC_WARN_UNUSED_VARIABLE = YES;
				IPHONEOS_DEPLOYMENT_TARGET = 8.4;
				MTL_ENABLE_DEBUG_INFO = YES;
				ONLY_ACTIVE_ARCH = YES;
				SDKROOT = iphoneos;
			};
			name = Debug;
		};
		3E618A6D1BA7F1A400489FED /* Release */ = {
			isa = XCBuildConfiguration;
			buildSettings = {
				ALWAYS_SEARCH_USER_PATHS = NO;
				CLANG_CXX_LANGUAGE_STANDARD = "gnu++0x";
				CLANG_CXX_LIBRARY = "libc++";
				CLANG_ENABLE_MODULES = YES;
				CLANG_ENABLE_OBJC_ARC = YES;
				CLANG_WARN_BOOL_CONVERSION = YES;
				CLANG_WARN_CONSTANT_CONVERSION = YES;
				CLANG_WARN_DIRECT_OBJC_ISA_USAGE = YES_ERROR;
				CLANG_WARN_EMPTY_BODY = YES;
				CLANG_WARN_ENUM_CONVERSION = YES;
				CLANG_WARN_INT_CONVERSION = YES;
				CLANG_WARN_OBJC_ROOT_CLASS = YES_ERROR;
				CLANG_WARN_UNREACHABLE_CODE = YES;
				CLANG_WARN__DUPLICATE_METHOD_MATCH = YES;
				"CODE_SIGN_IDENTITY[sdk=iphoneos*]" = "iPhone Developer";
				COPY_PHASE_STRIP = NO;
				DEBUG_INFORMATION_FORMAT = "dwarf-with-dsym";
				ENABLE_NS_ASSERTIONS = NO;
				ENABLE_STRICT_OBJC_MSGSEND = YES;
				GCC_C_LANGUAGE_STANDARD = gnu99;
				GCC_NO_COMMON_BLOCKS = YES;
				GCC_WARN_64_TO_32_BIT_CONVERSION = YES;
				GCC_WARN_ABOUT_RETURN_TYPE = YES_ERROR;
				GCC_WARN_UNDECLARED_SELECTOR = YES;
				GCC_WARN_UNINITIALIZED_AUTOS = YES_AGGRESSIVE;
				GCC_WARN_UNUSED_FUNCTION = YES;
				GCC_WARN_UNUSED_VARIABLE = YES;
				IPHONEOS_DEPLOYMENT_TARGET = 8.4;
				MTL_ENABLE_DEBUG_INFO = NO;
				SDKROOT = iphoneos;
				VALIDATE_PRODUCT = YES;
			};
			name = Release;
		};
		3E618A6F1BA7F1A400489FED /* Debug */ = {
			isa = XCBuildConfiguration;
			buildSettings = {
				ASSETCATALOG_COMPILER_APPICON_NAME = AppIcon;
				INFOPLIST_FILE = notdefteri/Info.plist;
				LD_RUNPATH_SEARCH_PATHS = "$(inherited) @executable_path/Frameworks";
				PRODUCT_NAME = "$(TARGET_NAME)";
			};
			name = Debug;
		};
		3E618A701BA7F1A400489FED /* Release */ = {
			isa = XCBuildConfiguration;
			buildSettings = {
				ASSETCATALOG_COMPILER_APPICON_NAME = AppIcon;
				INFOPLIST_FILE = notdefteri/Info.plist;
				LD_RUNPATH_SEARCH_PATHS = "$(inherited) @executable_path/Frameworks";
				PRODUCT_NAME = "$(TARGET_NAME)";
			};
			name = Release;
		};
		3E618A721BA7F1A400489FED /* Debug */ = {
			isa = XCBuildConfiguration;
			buildSettings = {
				BUNDLE_LOADER = "$(TEST_HOST)";
				FRAMEWORK_SEARCH_PATHS = (
					"$(SDKROOT)/Developer/Library/Frameworks",
					"$(inherited)",
				);
				GCC_PREPROCESSOR_DEFINITIONS = (
					"DEBUG=1",
					"$(inherited)",
				);
				INFOPLIST_FILE = notdefteriTests/Info.plist;
				LD_RUNPATH_SEARCH_PATHS = "$(inherited) @executable_path/Frameworks @loader_path/Frameworks";
				PRODUCT_NAME = "$(TARGET_NAME)";
				TEST_HOST = "$(BUILT_PRODUCTS_DIR)/notdefteri.app/notdefteri";
			};
			name = Debug;
		};
		3E618A731BA7F1A400489FED /* Release */ = {
			isa = XCBuildConfiguration;
			buildSettings = {
				BUNDLE_LOADER = "$(TEST_HOST)";
				FRAMEWORK_SEARCH_PATHS = (
					"$(SDKROOT)/Developer/Library/Frameworks",
					"$(inherited)",
				);
				INFOPLIST_FILE = notdefteriTests/Info.plist;
				LD_RUNPATH_SEARCH_PATHS = "$(inherited) @executable_path/Frameworks @loader_path/Frameworks";
				PRODUCT_NAME = "$(TARGET_NAME)";
				TEST_HOST = "$(BUILT_PRODUCTS_DIR)/notdefteri.app/notdefteri";
			};
			name = Release;
		};
/* End XCBuildConfiguration section */

/* Begin XCConfigurationList section */
		3E618A461BA7F1A400489FED /* Build configuration list for PBXProject "notdefteri" */ = {
			isa = XCConfigurationList;
			buildConfigurations = (
				3E618A6C1BA7F1A400489FED /* Debug */,
				3E618A6D1BA7F1A400489FED /* Release */,
			);
			defaultConfigurationIsVisible = 0;
			defaultConfigurationName = Release;
		};
		3E618A6E1BA7F1A400489FED /* Build configuration list for PBXNativeTarget "notdefteri" */ = {
			isa = XCConfigurationList;
			buildConfigurations = (
				3E618A6F1BA7F1A400489FED /* Debug */,
				3E618A701BA7F1A400489FED /* Release */,
			);
			defaultConfigurationIsVisible = 0;
		};
		3E618A711BA7F1A400489FED /* Build configuration list for PBXNativeTarget "notdefteriTests" */ = {
			isa = XCConfigurationList;
			buildConfigurations = (
				3E618A721BA7F1A400489FED /* Debug */,
				3E618A731BA7F1A400489FED /* Release */,
			);
			defaultConfigurationIsVisible = 0;
		};
/* End XCConfigurationList section */
	};
	rootObject = 3E618A431BA7F1A400489FED /* Project object */;
}
